
Microsoft Visual Studio Solution File, Format Version 12.00
# Visual Studio 15
VisualStudioVersion = 15.0.28307.757
MinimumVisualStudioVersion = 10.0.40219.1
Project("{FAE04EC0-301F-11D3-BF4B-00C04F79EFBC}") = "CrudMVCCodeFirst", "CrudMVCCodeFirst\CrudMVCCodeFirst.csproj", "{1DA0E5CA-7620-44E9-9976-0C21F1176DDB}"
EndProject
Global
	GlobalSection(SolutionConfigurationPlatforms) = preSolution
		Debug|Any CPU = Debug|Any CPU
		Release|Any CPU = Release|Any CPU
	EndGlobalSection
	GlobalSection(ProjectConfigurationPlatforms) = postSolution
		{1DA0E5CA-7620-44E9-9976-0C21F1176DDB}.Debug|Any CPU.ActiveCfg = Debug|Any CPU
		{1DA0E5CA-7620-44E9-9976-0C21F1176DDB}.Debug|Any CPU.Build.0 = Debug|Any CPU
		{1DA0E5CA-7620-44E9-9976-0C21F1176DDB}.Release|Any CPU.ActiveCfg = Release|Any CPU
		{1DA0E5CA-7620-44E9-9976-0C21F1176DDB}.Release|Any CPU.Build.0 = Release|Any CPU
	EndGlobalSection
	GlobalSection(SolutionProperties) = preSolution
		HideSolutionNode = FALSE
	EndGlobalSection
	GlobalSection(ExtensibilityGlobals) = postSolution
		SolutionGuid = {AAE28315-B93C-4EFA-905B-169E84FACE5F}
	EndGlobalSection
EndGlobal
